{
  "lockfileVersion": 1,
  "workspaces": {
    "": {
      "name": "hono-docker",
      "dependencies": {
        "@hono/zod-validator": "^0.1.11",
        "hono": "^4.7.11",
        "zod": "^3.22.4",
      },
      "devDependencies": {
        "@biomejs/biome": "1.5.3",
        "@types/bun": "latest",
        "happy-dom": "^13.3.8",
        "husky": "^8.0.3",
        "typescript": "^5.3.3",
      },
    },
  },
  "packages": {
    "@biomejs/biome": ["@biomejs/biome@1.5.3", "", { "optionalDependencies": { "@biomejs/cli-darwin-arm64": "1.5.3", "@biomejs/cli-darwin-x64": "1.5.3", "@biomejs/cli-linux-arm64": "1.5.3", "@biomejs/cli-linux-arm64-musl": "1.5.3", "@biomejs/cli-linux-x64": "1.5.3", "@biomejs/cli-linux-x64-musl": "1.5.3", "@biomejs/cli-win32-arm64": "1.5.3", "@biomejs/cli-win32-x64": "1.5.3" }, "bin": { "biome": "bin/biome" } }, "sha512-yvZCa/g3akwTaAQ7PCwPWDCkZs3Qa5ONg/fgOUT9e6wAWsPftCjLQFPXBeGxPK30yZSSpgEmRCfpGTmVbUjGgg=="],

    "@biomejs/cli-darwin-arm64": ["@biomejs/cli-darwin-arm64@1.5.3", "", { "os": "darwin", "cpu": "arm64" }, "sha512-ImU7mh1HghEDyqNmxEZBoMPr8SxekkZuYcs+gynKlNW+TALQs7swkERiBLkG9NR0K1B3/2uVzlvYowXrmlW8hw=="],

    "@biomejs/cli-darwin-x64": ["@biomejs/cli-darwin-x64@1.5.3", "", { "os": "darwin", "cpu": "x64" }, "sha512-vCdASqYnlpq/swErH7FD6nrFz0czFtK4k/iLgj0/+VmZVjineFPgevOb+Sr9vz0tk0GfdQO60bSpI74zU8M9Dw=="],

    "@biomejs/cli-linux-arm64": ["@biomejs/cli-linux-arm64@1.5.3", "", { "os": "linux", "cpu": "arm64" }, "sha512-cupBQv0sNF1OKqBfx7EDWMSsKwRrBUZfjXawT4s6hKV6ALq7p0QzWlxr/sDmbKMLOaLQtw2Qgu/77N9rm+f9Rg=="],

    "@biomejs/cli-linux-arm64-musl": ["@biomejs/cli-linux-arm64-musl@1.5.3", "", { "os": "linux", "cpu": "arm64" }, "sha512-DYuMizUYUBYfS0IHGjDrOP1RGipqWfMGEvNEJ398zdtmCKLXaUvTimiox5dvx4X15mBK5M2m8wgWUgOP1giUpQ=="],

    "@biomejs/cli-linux-x64": ["@biomejs/cli-linux-x64@1.5.3", "", { "os": "linux", "cpu": "x64" }, "sha512-YQrSArQvcv4FYsk7Q91Yv4uuu5F8hJyORVcv3zsjCLGkjIjx2RhjYLpTL733SNL7v33GmOlZY0eFR1ko38tuUw=="],

    "@biomejs/cli-linux-x64-musl": ["@biomejs/cli-linux-x64-musl@1.5.3", "", { "os": "linux", "cpu": "x64" }, "sha512-UUHiAnlDqr2Y/LpvshBFhUYMWkl2/Jn+bi3U6jKuav0qWbbBKU/ByHgR4+NBxpKBYoCtWxhnmatfH1bpPIuZMw=="],

    "@biomejs/cli-win32-arm64": ["@biomejs/cli-win32-arm64@1.5.3", "", { "os": "win32", "cpu": "arm64" }, "sha512-HxatYH7vf/kX9nrD+pDYuV2GI9GV8EFo6cfKkahAecTuZLPxryHx1WEfJthp5eNsE0+09STGkKIKjirP0ufaZA=="],

    "@biomejs/cli-win32-x64": ["@biomejs/cli-win32-x64@1.5.3", "", { "os": "win32", "cpu": "x64" }, "sha512-fMvbSouZEASU7mZH8SIJSANDm5OqsjgtVXlbUqxwed6BP7uuHRSs396Aqwh2+VoW8fwTpp6ybIUoC9FrzB0kyA=="],

    "@hono/zod-validator": ["@hono/zod-validator@0.1.11", "", { "peerDependencies": { "hono": ">=3.9.0", "zod": "^3.19.1" } }, "sha512-PQXeHUP0+36qpRt8yfeD7N2jbK3ETlGvSN6dMof/HwUC/APRokQRjpXZm4rrlG71Ft0aWE01+Bm4XejqPie5Uw=="],

    "@types/bun": ["@types/bun@1.2.15", "", { "dependencies": { "bun-types": "1.2.15" } }, "sha512-U1ljPdBEphF0nw1MIk0hI7kPg7dFdPyM7EenHsp6W5loNHl7zqy6JQf/RKCgnUn2KDzUpkBwHPnEJEjII594bA=="],

    "@types/node": ["@types/node@22.15.29", "", { "dependencies": { "undici-types": "~6.21.0" } }, "sha512-LNdjOkUDlU1RZb8e1kOIUpN1qQUlzGkEtbVNo53vbrwDg5om6oduhm4SiUaPW5ASTXhAiP0jInWG8Qx9fVlOeQ=="],

    "bun-types": ["bun-types@1.2.15", "", { "dependencies": { "@types/node": "*" } }, "sha512-NarRIaS+iOaQU1JPfyKhZm4AsUOrwUOqRNHY0XxI8GI8jYxiLXLcdjYMG9UKS+fwWasc1uw1htV9AX24dD+p4w=="],

    "entities": ["entities@4.5.0", "", {}, "sha512-V0hjH4dGPh9Ao5p0MoRY6BVqtwCjhz6vI5LT8AJ55H+4g9/4vbHx1I54fS0XuclLhDHArPQCiMjDxjaL8fPxhw=="],

    "happy-dom": ["happy-dom@13.10.1", "", { "dependencies": { "entities": "^4.5.0", "webidl-conversions": "^7.0.0", "whatwg-mimetype": "^3.0.0" } }, "sha512-9GZLEFvQL5EgfJX2zcBgu1nsPUn98JF/EiJnSfQbdxI6YEQGqpd09lXXxOmYonRBIEFz9JlGCOiPflDzgS1p8w=="],

    "hono": ["hono@4.7.11", "", {}, "sha512-rv0JMwC0KALbbmwJDEnxvQCeJh+xbS3KEWW5PC9cMJ08Ur9xgatI0HmtgYZfOdOSOeYsp5LO2cOhdI8cLEbDEQ=="],

    "husky": ["husky@8.0.3", "", { "bin": { "husky": "lib/bin.js" } }, "sha512-+dQSyqPh4x1hlO1swXBiNb2HzTDN1I2IGLQx1GrBuiqFJfoMrnZWwVmatvSiO+Iz8fBUnf+lekwNo4c2LlXItg=="],

    "typescript": ["typescript@5.8.3", "", { "bin": { "tsc": "bin/tsc", "tsserver": "bin/tsserver" } }, "sha512-p1diW6TqL9L07nNxvRMM7hMMw4c5XOo/1ibL4aAIGmSAt9slTE1Xgw5KWuof2uTOvCg9BY7ZRi+GaF+7sfgPeQ=="],

    "undici-types": ["undici-types@6.21.0", "", {}, "sha512-iwDZqg0QAGrg9Rav5H4n0M64c3mkR59cJ6wQp+7C4nI0gsmExaedaYLNO44eT4AtBBwjbTiGPMlt2Md0T9H9JQ=="],

    "webidl-conversions": ["webidl-conversions@7.0.0", "", {}, "sha512-VwddBukDzu71offAQR975unBIGqfKZpM+8ZX6ySk8nYhVoo5CYaZyzt3YBvYtRtO+aoGlqxPg/B87NGVZ/fu6g=="],

    "whatwg-mimetype": ["whatwg-mimetype@3.0.0", "", {}, "sha512-nt+N2dzIutVRxARx1nghPKGv1xHikU7HKdfafKkLNLindmPU/ch3U31NOCGGA/dmPcmb1VlofO0vnKAcsm0o/Q=="],

    "zod": ["zod@3.25.45", "", {}, "sha512-kv1swJBZqv98NQibL0oVvkQE8rXT+6qGNM1FpZkFcJG2jnz4vbtu48bgaitp85CaBPLSKXibrEsU7MzJoVoZAA=="],
  }
}
